
Microsoft Visual Studio Solution File, Format Version 12.00
# Visual Studio Version 16
VisualStudioVersion = 16.0.29411.108
MinimumVisualStudioVersion = 10.0.40219.1
Project("{FAE04EC0-301F-11D3-BF4B-00C04F79EFBC}") = "WindowsFormsApp14", "WindowsFormsApp14\WindowsFormsApp14.csproj", "{495BD633-930D-4DB0-9C87-454106B80589}"
EndProject
Global
	GlobalSection(SolutionConfigurationPlatforms) = preSolution
		Debug|Any CPU = Debug|Any CPU
		Release|Any CPU = Release|Any CPU
	EndGlobalSection
	GlobalSection(ProjectConfigurationPlatforms) = postSolution
		{495BD633-930D-4DB0-9C87-454106B80589}.Debug|Any CPU.ActiveCfg = Debug|Any CPU
		{495BD633-930D-4DB0-9C87-454106B80589}.Debug|Any CPU.Build.0 = Debug|Any CPU
		{495BD633-930D-4DB0-9C87-454106B80589}.Release|Any CPU.ActiveCfg = Release|Any CPU
		{495BD633-930D-4DB0-9C87-454106B80589}.Release|Any CPU.Build.0 = Release|Any CPU
	EndGlobalSection
	GlobalSection(SolutionProperties) = preSolution
		HideSolutionNode = FALSE
	EndGlobalSection
	GlobalSection(ExtensibilityGlobals) = postSolution
		SolutionGuid = {8DEFE57F-74BE-4D6B-9028-9BBA76AA0CF4}
	EndGlobalSection
EndGlobal
